
Microsoft Visual Studio Solution File, Format Version 12.00
# Visual Studio Version 16
VisualStudioVersion = 16.0.30204.135
MinimumVisualStudioVersion = 10.0.40219.1
Project("{FAE04EC0-301F-11D3-BF4B-00C04F79EFBC}") = "DeleteMe2", "DeleteMe2\DeleteMe2.csproj", "{B7B66146-73AC-492E-ACEC-2B436E76FF8D}"
EndProject
Global
	GlobalSection(SolutionConfigurationPlatforms) = preSolution
		Debug|Any CPU = Debug|Any CPU
		Release|Any CPU = Release|Any CPU
	EndGlobalSection
	GlobalSection(ProjectConfigurationPlatforms) = postSolution
		{B7B66146-73AC-492E-ACEC-2B436E76FF8D}.Debug|Any CPU.ActiveCfg = Debug|Any CPU
		{B7B66146-73AC-492E-ACEC-2B436E76FF8D}.Debug|Any CPU.Build.0 = Debug|Any CPU
		{B7B66146-73AC-492E-ACEC-2B436E76FF8D}.Release|Any CPU.ActiveCfg = Release|Any CPU
		{B7B66146-73AC-492E-ACEC-2B436E76FF8D}.Release|Any CPU.Build.0 = Release|Any CPU
	EndGlobalSection
	GlobalSection(SolutionProperties) = preSolution
		HideSolutionNode = FALSE
	EndGlobalSection
	GlobalSection(ExtensibilityGlobals) = postSolution
		SolutionGuid = {FA4B259C-A753-48DB-8752-CEBAF3D03B87}
	EndGlobalSection
EndGlobal
