
Microsoft Visual Studio Solution File, Format Version 12.00
# Visual Studio Version 16
VisualStudioVersion = 16.0.30225.117
MinimumVisualStudioVersion = 10.0.40219.1
Project("{FAE04EC0-301F-11D3-BF4B-00C04F79EFBC}") = "FactoryPatterUI", "FactoryPatterUI\FactoryPatterUI.csproj", "{C3BCDCFB-DC4B-4B2B-AAE9-13E668F28576}"
EndProject
Global
	GlobalSection(SolutionConfigurationPlatforms) = preSolution
		Debug|Any CPU = Debug|Any CPU
		Release|Any CPU = Release|Any CPU
	EndGlobalSection
	GlobalSection(ProjectConfigurationPlatforms) = postSolution
		{C3BCDCFB-DC4B-4B2B-AAE9-13E668F28576}.Debug|Any CPU.ActiveCfg = Debug|Any CPU
		{C3BCDCFB-DC4B-4B2B-AAE9-13E668F28576}.Debug|Any CPU.Build.0 = Debug|Any CPU
		{C3BCDCFB-DC4B-4B2B-AAE9-13E668F28576}.Release|Any CPU.ActiveCfg = Release|Any CPU
		{C3BCDCFB-DC4B-4B2B-AAE9-13E668F28576}.Release|Any CPU.Build.0 = Release|Any CPU
	EndGlobalSection
	GlobalSection(SolutionProperties) = preSolution
		HideSolutionNode = FALSE
	EndGlobalSection
	GlobalSection(ExtensibilityGlobals) = postSolution
		SolutionGuid = {4C394AB0-6814-4822-B7A6-37AE883699C4}
	EndGlobalSection
EndGlobal
