
Microsoft Visual Studio Solution File, Format Version 12.00
# Visual Studio Version 16
VisualStudioVersion = 16.0.30204.135
MinimumVisualStudioVersion = 10.0.40219.1
Project("{FAE04EC0-301F-11D3-BF4B-00C04F79EFBC}") = "PlayingWithVariables", "PlayingWithVariables\PlayingWithVariables.csproj", "{33EBBAEC-4C6E-4F3C-8AD9-87005E38E06D}"
EndProject
Global
	GlobalSection(SolutionConfigurationPlatforms) = preSolution
		Debug|Any CPU = Debug|Any CPU
		Release|Any CPU = Release|Any CPU
	EndGlobalSection
	GlobalSection(ProjectConfigurationPlatforms) = postSolution
		{33EBBAEC-4C6E-4F3C-8AD9-87005E38E06D}.Debug|Any CPU.ActiveCfg = Debug|Any CPU
		{33EBBAEC-4C6E-4F3C-8AD9-87005E38E06D}.Debug|Any CPU.Build.0 = Debug|Any CPU
		{33EBBAEC-4C6E-4F3C-8AD9-87005E38E06D}.Release|Any CPU.ActiveCfg = Release|Any CPU
		{33EBBAEC-4C6E-4F3C-8AD9-87005E38E06D}.Release|Any CPU.Build.0 = Release|Any CPU
	EndGlobalSection
	GlobalSection(SolutionProperties) = preSolution
		HideSolutionNode = FALSE
	EndGlobalSection
	GlobalSection(ExtensibilityGlobals) = postSolution
		SolutionGuid = {561FED9A-C722-4E6F-8989-93F3CF88CB1D}
	EndGlobalSection
EndGlobal
