
Microsoft Visual Studio Solution File, Format Version 12.00
# Visual Studio Version 16
VisualStudioVersion = 16.0.30204.135
MinimumVisualStudioVersion = 10.0.40219.1
Project("{FAE04EC0-301F-11D3-BF4B-00C04F79EFBC}") = "ClassExampleTuesdayUI", "ClassExampleTuesdayUI\ClassExampleTuesdayUI.csproj", "{4E6158D3-6E13-4798-8151-3DC8BC3CDB32}"
EndProject
Global
	GlobalSection(SolutionConfigurationPlatforms) = preSolution
		Debug|Any CPU = Debug|Any CPU
		Release|Any CPU = Release|Any CPU
	EndGlobalSection
	GlobalSection(ProjectConfigurationPlatforms) = postSolution
		{4E6158D3-6E13-4798-8151-3DC8BC3CDB32}.Debug|Any CPU.ActiveCfg = Debug|Any CPU
		{4E6158D3-6E13-4798-8151-3DC8BC3CDB32}.Debug|Any CPU.Build.0 = Debug|Any CPU
		{4E6158D3-6E13-4798-8151-3DC8BC3CDB32}.Release|Any CPU.ActiveCfg = Release|Any CPU
		{4E6158D3-6E13-4798-8151-3DC8BC3CDB32}.Release|Any CPU.Build.0 = Release|Any CPU
	EndGlobalSection
	GlobalSection(SolutionProperties) = preSolution
		HideSolutionNode = FALSE
	EndGlobalSection
	GlobalSection(ExtensibilityGlobals) = postSolution
		SolutionGuid = {3226F7D5-11F5-4CA9-A689-4A85576A3486}
	EndGlobalSection
EndGlobal
